
Microsoft Visual Studio Solution File, Format Version 12.00
Project("{2150E333-8FDC-42A3-9474-1A3956D46DE8}") = "application", "application", "{14D73AB0-C6D7-4B9F-9B89-24BB62C2F66D}"
EndProject
Project("{2150E333-8FDC-42A3-9474-1A3956D46DE8}") = "domain", "domain", "{A386C276-B44A-4E75-B4C2-C4D5EF0F39B5}"
EndProject
Project("{2150E333-8FDC-42A3-9474-1A3956D46DE8}") = "infrastructure", "infrastructure", "{023C0C02-1955-4661-A4A0-E2D2F2F294FB}"
EndProject
Project("{2150E333-8FDC-42A3-9474-1A3956D46DE8}") = "api", "api", "{5CEE570C-C4F3-4D83-90F5-4905FB569CCA}"
EndProject
Project("{2150E333-8FDC-42A3-9474-1A3956D46DE8}") = "ui", "ui", "{BB41DC7C-ECAE-4C6B-A54F-8D45141A9B17}"
EndProject
Project("{FAE04EC0-301F-11D3-BF4B-00C04F79EFBC}") = "main", "application\api\main\main.csproj", "{4E8DE40B-2BE9-4601-AA5D-C0C12FA45849}"
EndProject
Project("{FAE04EC0-301F-11D3-BF4B-00C04F79EFBC}") = "tests", "application\api\tests\tests.csproj", "{943964C2-8F2D-446D-98C0-7B342A6F3668}"
EndProject
Project("{FAE04EC0-301F-11D3-BF4B-00C04F79EFBC}") = "main", "application\ui\main\main.csproj", "{C31EC23C-D5CB-41BF-912B-1CAF0DC1F825}"
EndProject
Project("{FAE04EC0-301F-11D3-BF4B-00C04F79EFBC}") = "tests", "application\ui\tests\tests.csproj", "{BE8F8252-6E53-4594-AF27-8887DAB2654B}"
EndProject
Project("{FAE04EC0-301F-11D3-BF4B-00C04F79EFBC}") = "main", "domain\main\main.csproj", "{F5BE60A1-7828-4E64-B8C8-6833F3DF9DBC}"
EndProject
Project("{FAE04EC0-301F-11D3-BF4B-00C04F79EFBC}") = "tests", "domain\tests\tests.csproj", "{20DB92BE-8621-4E5E-87FD-B69E0EA39FF7}"
EndProject
Project("{2150E333-8FDC-42A3-9474-1A3956D46DE8}") = "persistence", "persistence", "{FB0FB60C-F59E-42CF-A69C-E3447402B37D}"
EndProject
Project("{FAE04EC0-301F-11D3-BF4B-00C04F79EFBC}") = "main", "infrastructure\main\main.csproj", "{BEF20E20-267A-4229-BBA8-0347BA962453}"
EndProject
Project("{FAE04EC0-301F-11D3-BF4B-00C04F79EFBC}") = "tests", "infrastructure\tests\tests.csproj", "{D1740F7F-1049-4862-8A88-E9EE96D649F6}"
EndProject
Global
	GlobalSection(SolutionConfigurationPlatforms) = preSolution
		Debug|Any CPU = Debug|Any CPU
		Release|Any CPU = Release|Any CPU
	EndGlobalSection
	GlobalSection(NestedProjects) = preSolution
		{5CEE570C-C4F3-4D83-90F5-4905FB569CCA} = {14D73AB0-C6D7-4B9F-9B89-24BB62C2F66D}
		{BB41DC7C-ECAE-4C6B-A54F-8D45141A9B17} = {14D73AB0-C6D7-4B9F-9B89-24BB62C2F66D}
		{4E8DE40B-2BE9-4601-AA5D-C0C12FA45849} = {5CEE570C-C4F3-4D83-90F5-4905FB569CCA}
		{943964C2-8F2D-446D-98C0-7B342A6F3668} = {5CEE570C-C4F3-4D83-90F5-4905FB569CCA}
		{C31EC23C-D5CB-41BF-912B-1CAF0DC1F825} = {BB41DC7C-ECAE-4C6B-A54F-8D45141A9B17}
		{BE8F8252-6E53-4594-AF27-8887DAB2654B} = {BB41DC7C-ECAE-4C6B-A54F-8D45141A9B17}
		{F5BE60A1-7828-4E64-B8C8-6833F3DF9DBC} = {A386C276-B44A-4E75-B4C2-C4D5EF0F39B5}
		{20DB92BE-8621-4E5E-87FD-B69E0EA39FF7} = {A386C276-B44A-4E75-B4C2-C4D5EF0F39B5}
		{FB0FB60C-F59E-42CF-A69C-E3447402B37D} = {023C0C02-1955-4661-A4A0-E2D2F2F294FB}
		{BEF20E20-267A-4229-BBA8-0347BA962453} = {FB0FB60C-F59E-42CF-A69C-E3447402B37D}
		{D1740F7F-1049-4862-8A88-E9EE96D649F6} = {FB0FB60C-F59E-42CF-A69C-E3447402B37D}
	EndGlobalSection
	GlobalSection(ProjectConfigurationPlatforms) = postSolution
		{4E8DE40B-2BE9-4601-AA5D-C0C12FA45849}.Debug|Any CPU.ActiveCfg = Debug|Any CPU
		{4E8DE40B-2BE9-4601-AA5D-C0C12FA45849}.Debug|Any CPU.Build.0 = Debug|Any CPU
		{4E8DE40B-2BE9-4601-AA5D-C0C12FA45849}.Release|Any CPU.ActiveCfg = Release|Any CPU
		{4E8DE40B-2BE9-4601-AA5D-C0C12FA45849}.Release|Any CPU.Build.0 = Release|Any CPU
		{943964C2-8F2D-446D-98C0-7B342A6F3668}.Debug|Any CPU.ActiveCfg = Debug|Any CPU
		{943964C2-8F2D-446D-98C0-7B342A6F3668}.Debug|Any CPU.Build.0 = Debug|Any CPU
		{943964C2-8F2D-446D-98C0-7B342A6F3668}.Release|Any CPU.ActiveCfg = Release|Any CPU
		{943964C2-8F2D-446D-98C0-7B342A6F3668}.Release|Any CPU.Build.0 = Release|Any CPU
		{C31EC23C-D5CB-41BF-912B-1CAF0DC1F825}.Debug|Any CPU.ActiveCfg = Debug|Any CPU
		{C31EC23C-D5CB-41BF-912B-1CAF0DC1F825}.Debug|Any CPU.Build.0 = Debug|Any CPU
		{C31EC23C-D5CB-41BF-912B-1CAF0DC1F825}.Release|Any CPU.ActiveCfg = Release|Any CPU
		{C31EC23C-D5CB-41BF-912B-1CAF0DC1F825}.Release|Any CPU.Build.0 = Release|Any CPU
		{BE8F8252-6E53-4594-AF27-8887DAB2654B}.Debug|Any CPU.ActiveCfg = Debug|Any CPU
		{BE8F8252-6E53-4594-AF27-8887DAB2654B}.Debug|Any CPU.Build.0 = Debug|Any CPU
		{BE8F8252-6E53-4594-AF27-8887DAB2654B}.Release|Any CPU.ActiveCfg = Release|Any CPU
		{BE8F8252-6E53-4594-AF27-8887DAB2654B}.Release|Any CPU.Build.0 = Release|Any CPU
		{F5BE60A1-7828-4E64-B8C8-6833F3DF9DBC}.Debug|Any CPU.ActiveCfg = Debug|Any CPU
		{F5BE60A1-7828-4E64-B8C8-6833F3DF9DBC}.Debug|Any CPU.Build.0 = Debug|Any CPU
		{F5BE60A1-7828-4E64-B8C8-6833F3DF9DBC}.Release|Any CPU.ActiveCfg = Release|Any CPU
		{F5BE60A1-7828-4E64-B8C8-6833F3DF9DBC}.Release|Any CPU.Build.0 = Release|Any CPU
		{20DB92BE-8621-4E5E-87FD-B69E0EA39FF7}.Debug|Any CPU.ActiveCfg = Debug|Any CPU
		{20DB92BE-8621-4E5E-87FD-B69E0EA39FF7}.Debug|Any CPU.Build.0 = Debug|Any CPU
		{20DB92BE-8621-4E5E-87FD-B69E0EA39FF7}.Release|Any CPU.ActiveCfg = Release|Any CPU
		{20DB92BE-8621-4E5E-87FD-B69E0EA39FF7}.Release|Any CPU.Build.0 = Release|Any CPU
		{BEF20E20-267A-4229-BBA8-0347BA962453}.Debug|Any CPU.ActiveCfg = Debug|Any CPU
		{BEF20E20-267A-4229-BBA8-0347BA962453}.Debug|Any CPU.Build.0 = Debug|Any CPU
		{BEF20E20-267A-4229-BBA8-0347BA962453}.Release|Any CPU.ActiveCfg = Release|Any CPU
		{BEF20E20-267A-4229-BBA8-0347BA962453}.Release|Any CPU.Build.0 = Release|Any CPU
		{D1740F7F-1049-4862-8A88-E9EE96D649F6}.Debug|Any CPU.ActiveCfg = Debug|Any CPU
		{D1740F7F-1049-4862-8A88-E9EE96D649F6}.Debug|Any CPU.Build.0 = Debug|Any CPU
		{D1740F7F-1049-4862-8A88-E9EE96D649F6}.Release|Any CPU.ActiveCfg = Release|Any CPU
		{D1740F7F-1049-4862-8A88-E9EE96D649F6}.Release|Any CPU.Build.0 = Release|Any CPU
	EndGlobalSection
EndGlobal
