
Microsoft Visual Studio Solution File, Format Version 12.00
Project("{2150E333-8FDC-42A3-9474-1A3956D46DE8}") = "aggregator", "aggregator", "{3F9D89A8-157B-4F21-A216-DE749E7113A8}"
EndProject
Project("{2150E333-8FDC-42A3-9474-1A3956D46DE8}") = "ndcadaptor", "ndcadaptor", "{B7E12042-3B1F-41F3-B19D-A51BC64BD9D9}"
EndProject
Project("{2150E333-8FDC-42A3-9474-1A3956D46DE8}") = "ownproduct", "ownproduct", "{26F832DC-C43C-4047-8A2A-01BD4D37FD61}"
EndProject
Project("{2150E333-8FDC-42A3-9474-1A3956D46DE8}") = "application", "application", "{1987FA89-B63E-41D9-AF0F-DBB379A56373}"
EndProject
Project("{2150E333-8FDC-42A3-9474-1A3956D46DE8}") = "domain", "domain", "{784F750F-DF85-4FE9-9822-04041BAEDF24}"
EndProject
Project("{2150E333-8FDC-42A3-9474-1A3956D46DE8}") = "infrastructure", "infrastructure", "{B0DCCF2C-F834-4CB5-AE53-09C1DA26FEC7}"
EndProject
Project("{2150E333-8FDC-42A3-9474-1A3956D46DE8}") = "application", "application", "{523E1C2F-8E57-4844-B65E-53EDFAD27592}"
EndProject
Project("{2150E333-8FDC-42A3-9474-1A3956D46DE8}") = "domain", "domain", "{983AB561-CDB1-42CE-8417-E82CB2D950BD}"
EndProject
Project("{2150E333-8FDC-42A3-9474-1A3956D46DE8}") = "infrastructure", "infrastructure", "{8CE4FE43-C453-459B-BA4E-8DBA6C5F552F}"
EndProject
Project("{2150E333-8FDC-42A3-9474-1A3956D46DE8}") = "application", "application", "{6CD6AA1D-F9E6-4B21-97A8-FE7F66987A48}"
EndProject
Project("{2150E333-8FDC-42A3-9474-1A3956D46DE8}") = "domain", "domain", "{8A5AF7EA-0C9E-4650-8216-F8AC310C27E9}"
EndProject
Project("{2150E333-8FDC-42A3-9474-1A3956D46DE8}") = "infrastructure", "infrastructure", "{4D0D05F2-5D1D-46DF-950A-9E89F897B350}"
EndProject
Project("{FAE04EC0-301F-11D3-BF4B-00C04F79EFBC}") = "main", "aggregator\application\main\main.csproj", "{5E6915E7-CC9C-44ED-AD73-0D5FC6FFBCC1}"
EndProject
Project("{FAE04EC0-301F-11D3-BF4B-00C04F79EFBC}") = "tests", "aggregator\application\tests\tests.csproj", "{990173BC-58E1-4783-9D69-A7E265EE9C5F}"
EndProject
Project("{FAE04EC0-301F-11D3-BF4B-00C04F79EFBC}") = "main", "aggregator\domain\main\main.csproj", "{DA223B8B-A617-487B-BBE6-BB65BD54B794}"
EndProject
Project("{FAE04EC0-301F-11D3-BF4B-00C04F79EFBC}") = "tests", "aggregator\domain\tests\tests.csproj", "{ABF7C853-6262-4E9C-931C-CF9CDBBBA5CC}"
EndProject
Project("{2150E333-8FDC-42A3-9474-1A3956D46DE8}") = "persistence", "persistence", "{215CCE51-F7E8-4DA2-9791-C9C299124D4B}"
EndProject
Project("{FAE04EC0-301F-11D3-BF4B-00C04F79EFBC}") = "tests", "aggregator\infrastructure\persistence\tests\tests.csproj", "{0C6BB2F5-DF93-4000-B210-E9ADC809B001}"
EndProject
Project("{FAE04EC0-301F-11D3-BF4B-00C04F79EFBC}") = "main", "aggregator\infrastructure\persistence\main\main.csproj", "{36163810-DB5D-4493-B0AA-2FAC71EF936E}"
EndProject
Project("{FAE04EC0-301F-11D3-BF4B-00C04F79EFBC}") = "main", "ndcadaptor\application\main\main.csproj", "{9E5BD5D2-BAB1-4259-B3D3-BE623836048B}"
EndProject
Project("{FAE04EC0-301F-11D3-BF4B-00C04F79EFBC}") = "tests", "ndcadaptor\application\tests\tests.csproj", "{641BDBC6-0BD3-4AAC-9D79-5A9294C088D9}"
EndProject
Project("{FAE04EC0-301F-11D3-BF4B-00C04F79EFBC}") = "tests", "ndcadaptor\domain\tests\tests.csproj", "{10DAC56A-D8C9-4A64-9BA0-2B57603F9CA1}"
EndProject
Project("{FAE04EC0-301F-11D3-BF4B-00C04F79EFBC}") = "main", "ndcadaptor\domain\main\main.csproj", "{B9B35644-C860-4019-A79E-ACFDB80C03FB}"
EndProject
Project("{2150E333-8FDC-42A3-9474-1A3956D46DE8}") = "persistence", "persistence", "{656E8E95-A41C-4576-A2E4-823F2F642C1B}"
EndProject
Project("{FAE04EC0-301F-11D3-BF4B-00C04F79EFBC}") = "tests", "ownproduct\infrastructure\persistence\tests\tests.csproj", "{6CAA0918-0F07-4AF2-B8D2-A1A0550FEEFD}"
EndProject
Project("{FAE04EC0-301F-11D3-BF4B-00C04F79EFBC}") = "main", "ownproduct\infrastructure\persistence\main\main.csproj", "{A3894F54-239C-44E1-84E5-6E22CCD1DE56}"
EndProject
Project("{FAE04EC0-301F-11D3-BF4B-00C04F79EFBC}") = "main", "ownproduct\domain\main\main.csproj", "{5144A5E7-9467-4693-81B6-2D42F92054ED}"
EndProject
Project("{FAE04EC0-301F-11D3-BF4B-00C04F79EFBC}") = "tests", "ownproduct\domain\tests\tests.csproj", "{EFA9BEFA-A933-4ADF-A06B-305E0E7F3172}"
EndProject
Project("{FAE04EC0-301F-11D3-BF4B-00C04F79EFBC}") = "tests", "ownproduct\application\tests\tests.csproj", "{8682AB28-3141-4CB4-8B57-61154E0C5258}"
EndProject
Project("{FAE04EC0-301F-11D3-BF4B-00C04F79EFBC}") = "main", "ownproduct\application\main\main.csproj", "{5D9961EF-E2A4-4F1B-8A96-443DBDCE68F1}"
EndProject
Global
	GlobalSection(SolutionConfigurationPlatforms) = preSolution
		Debug|Any CPU = Debug|Any CPU
		Release|Any CPU = Release|Any CPU
	EndGlobalSection
	GlobalSection(NestedProjects) = preSolution
		{1987FA89-B63E-41D9-AF0F-DBB379A56373} = {3F9D89A8-157B-4F21-A216-DE749E7113A8}
		{784F750F-DF85-4FE9-9822-04041BAEDF24} = {3F9D89A8-157B-4F21-A216-DE749E7113A8}
		{B0DCCF2C-F834-4CB5-AE53-09C1DA26FEC7} = {3F9D89A8-157B-4F21-A216-DE749E7113A8}
		{523E1C2F-8E57-4844-B65E-53EDFAD27592} = {B7E12042-3B1F-41F3-B19D-A51BC64BD9D9}
		{983AB561-CDB1-42CE-8417-E82CB2D950BD} = {B7E12042-3B1F-41F3-B19D-A51BC64BD9D9}
		{8CE4FE43-C453-459B-BA4E-8DBA6C5F552F} = {B7E12042-3B1F-41F3-B19D-A51BC64BD9D9}
		{6CD6AA1D-F9E6-4B21-97A8-FE7F66987A48} = {26F832DC-C43C-4047-8A2A-01BD4D37FD61}
		{8A5AF7EA-0C9E-4650-8216-F8AC310C27E9} = {26F832DC-C43C-4047-8A2A-01BD4D37FD61}
		{4D0D05F2-5D1D-46DF-950A-9E89F897B350} = {26F832DC-C43C-4047-8A2A-01BD4D37FD61}
		{5E6915E7-CC9C-44ED-AD73-0D5FC6FFBCC1} = {1987FA89-B63E-41D9-AF0F-DBB379A56373}
		{990173BC-58E1-4783-9D69-A7E265EE9C5F} = {1987FA89-B63E-41D9-AF0F-DBB379A56373}
		{DA223B8B-A617-487B-BBE6-BB65BD54B794} = {784F750F-DF85-4FE9-9822-04041BAEDF24}
		{ABF7C853-6262-4E9C-931C-CF9CDBBBA5CC} = {784F750F-DF85-4FE9-9822-04041BAEDF24}
		{215CCE51-F7E8-4DA2-9791-C9C299124D4B} = {B0DCCF2C-F834-4CB5-AE53-09C1DA26FEC7}
		{0C6BB2F5-DF93-4000-B210-E9ADC809B001} = {215CCE51-F7E8-4DA2-9791-C9C299124D4B}
		{36163810-DB5D-4493-B0AA-2FAC71EF936E} = {215CCE51-F7E8-4DA2-9791-C9C299124D4B}
		{9E5BD5D2-BAB1-4259-B3D3-BE623836048B} = {523E1C2F-8E57-4844-B65E-53EDFAD27592}
		{641BDBC6-0BD3-4AAC-9D79-5A9294C088D9} = {523E1C2F-8E57-4844-B65E-53EDFAD27592}
		{10DAC56A-D8C9-4A64-9BA0-2B57603F9CA1} = {983AB561-CDB1-42CE-8417-E82CB2D950BD}
		{B9B35644-C860-4019-A79E-ACFDB80C03FB} = {983AB561-CDB1-42CE-8417-E82CB2D950BD}
		{656E8E95-A41C-4576-A2E4-823F2F642C1B} = {4D0D05F2-5D1D-46DF-950A-9E89F897B350}
		{6CAA0918-0F07-4AF2-B8D2-A1A0550FEEFD} = {656E8E95-A41C-4576-A2E4-823F2F642C1B}
		{A3894F54-239C-44E1-84E5-6E22CCD1DE56} = {656E8E95-A41C-4576-A2E4-823F2F642C1B}
		{5144A5E7-9467-4693-81B6-2D42F92054ED} = {8A5AF7EA-0C9E-4650-8216-F8AC310C27E9}
		{EFA9BEFA-A933-4ADF-A06B-305E0E7F3172} = {8A5AF7EA-0C9E-4650-8216-F8AC310C27E9}
		{8682AB28-3141-4CB4-8B57-61154E0C5258} = {6CD6AA1D-F9E6-4B21-97A8-FE7F66987A48}
		{5D9961EF-E2A4-4F1B-8A96-443DBDCE68F1} = {6CD6AA1D-F9E6-4B21-97A8-FE7F66987A48}
	EndGlobalSection
	GlobalSection(ProjectConfigurationPlatforms) = postSolution
		{5E6915E7-CC9C-44ED-AD73-0D5FC6FFBCC1}.Debug|Any CPU.ActiveCfg = Debug|Any CPU
		{5E6915E7-CC9C-44ED-AD73-0D5FC6FFBCC1}.Debug|Any CPU.Build.0 = Debug|Any CPU
		{5E6915E7-CC9C-44ED-AD73-0D5FC6FFBCC1}.Release|Any CPU.ActiveCfg = Release|Any CPU
		{5E6915E7-CC9C-44ED-AD73-0D5FC6FFBCC1}.Release|Any CPU.Build.0 = Release|Any CPU
		{990173BC-58E1-4783-9D69-A7E265EE9C5F}.Debug|Any CPU.ActiveCfg = Debug|Any CPU
		{990173BC-58E1-4783-9D69-A7E265EE9C5F}.Debug|Any CPU.Build.0 = Debug|Any CPU
		{990173BC-58E1-4783-9D69-A7E265EE9C5F}.Release|Any CPU.ActiveCfg = Release|Any CPU
		{990173BC-58E1-4783-9D69-A7E265EE9C5F}.Release|Any CPU.Build.0 = Release|Any CPU
		{DA223B8B-A617-487B-BBE6-BB65BD54B794}.Debug|Any CPU.ActiveCfg = Debug|Any CPU
		{DA223B8B-A617-487B-BBE6-BB65BD54B794}.Debug|Any CPU.Build.0 = Debug|Any CPU
		{DA223B8B-A617-487B-BBE6-BB65BD54B794}.Release|Any CPU.ActiveCfg = Release|Any CPU
		{DA223B8B-A617-487B-BBE6-BB65BD54B794}.Release|Any CPU.Build.0 = Release|Any CPU
		{ABF7C853-6262-4E9C-931C-CF9CDBBBA5CC}.Debug|Any CPU.ActiveCfg = Debug|Any CPU
		{ABF7C853-6262-4E9C-931C-CF9CDBBBA5CC}.Debug|Any CPU.Build.0 = Debug|Any CPU
		{ABF7C853-6262-4E9C-931C-CF9CDBBBA5CC}.Release|Any CPU.ActiveCfg = Release|Any CPU
		{ABF7C853-6262-4E9C-931C-CF9CDBBBA5CC}.Release|Any CPU.Build.0 = Release|Any CPU
		{0C6BB2F5-DF93-4000-B210-E9ADC809B001}.Debug|Any CPU.ActiveCfg = Debug|Any CPU
		{0C6BB2F5-DF93-4000-B210-E9ADC809B001}.Debug|Any CPU.Build.0 = Debug|Any CPU
		{0C6BB2F5-DF93-4000-B210-E9ADC809B001}.Release|Any CPU.ActiveCfg = Release|Any CPU
		{0C6BB2F5-DF93-4000-B210-E9ADC809B001}.Release|Any CPU.Build.0 = Release|Any CPU
		{36163810-DB5D-4493-B0AA-2FAC71EF936E}.Debug|Any CPU.ActiveCfg = Debug|Any CPU
		{36163810-DB5D-4493-B0AA-2FAC71EF936E}.Debug|Any CPU.Build.0 = Debug|Any CPU
		{36163810-DB5D-4493-B0AA-2FAC71EF936E}.Release|Any CPU.ActiveCfg = Release|Any CPU
		{36163810-DB5D-4493-B0AA-2FAC71EF936E}.Release|Any CPU.Build.0 = Release|Any CPU
		{9E5BD5D2-BAB1-4259-B3D3-BE623836048B}.Debug|Any CPU.ActiveCfg = Debug|Any CPU
		{9E5BD5D2-BAB1-4259-B3D3-BE623836048B}.Debug|Any CPU.Build.0 = Debug|Any CPU
		{9E5BD5D2-BAB1-4259-B3D3-BE623836048B}.Release|Any CPU.ActiveCfg = Release|Any CPU
		{9E5BD5D2-BAB1-4259-B3D3-BE623836048B}.Release|Any CPU.Build.0 = Release|Any CPU
		{641BDBC6-0BD3-4AAC-9D79-5A9294C088D9}.Debug|Any CPU.ActiveCfg = Debug|Any CPU
		{641BDBC6-0BD3-4AAC-9D79-5A9294C088D9}.Debug|Any CPU.Build.0 = Debug|Any CPU
		{641BDBC6-0BD3-4AAC-9D79-5A9294C088D9}.Release|Any CPU.ActiveCfg = Release|Any CPU
		{641BDBC6-0BD3-4AAC-9D79-5A9294C088D9}.Release|Any CPU.Build.0 = Release|Any CPU
		{10DAC56A-D8C9-4A64-9BA0-2B57603F9CA1}.Debug|Any CPU.ActiveCfg = Debug|Any CPU
		{10DAC56A-D8C9-4A64-9BA0-2B57603F9CA1}.Debug|Any CPU.Build.0 = Debug|Any CPU
		{10DAC56A-D8C9-4A64-9BA0-2B57603F9CA1}.Release|Any CPU.ActiveCfg = Release|Any CPU
		{10DAC56A-D8C9-4A64-9BA0-2B57603F9CA1}.Release|Any CPU.Build.0 = Release|Any CPU
		{B9B35644-C860-4019-A79E-ACFDB80C03FB}.Debug|Any CPU.ActiveCfg = Debug|Any CPU
		{B9B35644-C860-4019-A79E-ACFDB80C03FB}.Debug|Any CPU.Build.0 = Debug|Any CPU
		{B9B35644-C860-4019-A79E-ACFDB80C03FB}.Release|Any CPU.ActiveCfg = Release|Any CPU
		{B9B35644-C860-4019-A79E-ACFDB80C03FB}.Release|Any CPU.Build.0 = Release|Any CPU
		{6CAA0918-0F07-4AF2-B8D2-A1A0550FEEFD}.Debug|Any CPU.ActiveCfg = Debug|Any CPU
		{6CAA0918-0F07-4AF2-B8D2-A1A0550FEEFD}.Debug|Any CPU.Build.0 = Debug|Any CPU
		{6CAA0918-0F07-4AF2-B8D2-A1A0550FEEFD}.Release|Any CPU.ActiveCfg = Release|Any CPU
		{6CAA0918-0F07-4AF2-B8D2-A1A0550FEEFD}.Release|Any CPU.Build.0 = Release|Any CPU
		{A3894F54-239C-44E1-84E5-6E22CCD1DE56}.Debug|Any CPU.ActiveCfg = Debug|Any CPU
		{A3894F54-239C-44E1-84E5-6E22CCD1DE56}.Debug|Any CPU.Build.0 = Debug|Any CPU
		{A3894F54-239C-44E1-84E5-6E22CCD1DE56}.Release|Any CPU.ActiveCfg = Release|Any CPU
		{A3894F54-239C-44E1-84E5-6E22CCD1DE56}.Release|Any CPU.Build.0 = Release|Any CPU
		{5144A5E7-9467-4693-81B6-2D42F92054ED}.Debug|Any CPU.ActiveCfg = Debug|Any CPU
		{5144A5E7-9467-4693-81B6-2D42F92054ED}.Debug|Any CPU.Build.0 = Debug|Any CPU
		{5144A5E7-9467-4693-81B6-2D42F92054ED}.Release|Any CPU.ActiveCfg = Release|Any CPU
		{5144A5E7-9467-4693-81B6-2D42F92054ED}.Release|Any CPU.Build.0 = Release|Any CPU
		{EFA9BEFA-A933-4ADF-A06B-305E0E7F3172}.Debug|Any CPU.ActiveCfg = Debug|Any CPU
		{EFA9BEFA-A933-4ADF-A06B-305E0E7F3172}.Debug|Any CPU.Build.0 = Debug|Any CPU
		{EFA9BEFA-A933-4ADF-A06B-305E0E7F3172}.Release|Any CPU.ActiveCfg = Release|Any CPU
		{EFA9BEFA-A933-4ADF-A06B-305E0E7F3172}.Release|Any CPU.Build.0 = Release|Any CPU
		{8682AB28-3141-4CB4-8B57-61154E0C5258}.Debug|Any CPU.ActiveCfg = Debug|Any CPU
		{8682AB28-3141-4CB4-8B57-61154E0C5258}.Debug|Any CPU.Build.0 = Debug|Any CPU
		{8682AB28-3141-4CB4-8B57-61154E0C5258}.Release|Any CPU.ActiveCfg = Release|Any CPU
		{8682AB28-3141-4CB4-8B57-61154E0C5258}.Release|Any CPU.Build.0 = Release|Any CPU
		{5D9961EF-E2A4-4F1B-8A96-443DBDCE68F1}.Debug|Any CPU.ActiveCfg = Debug|Any CPU
		{5D9961EF-E2A4-4F1B-8A96-443DBDCE68F1}.Debug|Any CPU.Build.0 = Debug|Any CPU
		{5D9961EF-E2A4-4F1B-8A96-443DBDCE68F1}.Release|Any CPU.ActiveCfg = Release|Any CPU
		{5D9961EF-E2A4-4F1B-8A96-443DBDCE68F1}.Release|Any CPU.Build.0 = Release|Any CPU
	EndGlobalSection
EndGlobal
